
Microsoft Visual Studio Solution File, Format Version 12.00
# Visual Studio Version 17
VisualStudioVersion = 17.9.34616.47
MinimumVisualStudioVersion = 10.0.40219.1
Project("{FAE04EC0-301F-11D3-BF4B-00C04F79EFBC}") = "Todos", "Todos\Todos.csproj", "{AA2EE247-70A6-4F31-97BF-E3A2ABF5D0A0}"
EndProject
Global
	GlobalSection(SolutionConfigurationPlatforms) = preSolution
		Debug|Any CPU = Debug|Any CPU
		Release|Any CPU = Release|Any CPU
	EndGlobalSection
	GlobalSection(ProjectConfigurationPlatforms) = postSolution
		{AA2EE247-70A6-4F31-97BF-E3A2ABF5D0A0}.Debug|Any CPU.ActiveCfg = Debug|Any CPU
		{AA2EE247-70A6-4F31-97BF-E3A2ABF5D0A0}.Debug|Any CPU.Build.0 = Debug|Any CPU
		{AA2EE247-70A6-4F31-97BF-E3A2ABF5D0A0}.Release|Any CPU.ActiveCfg = Release|Any CPU
		{AA2EE247-70A6-4F31-97BF-E3A2ABF5D0A0}.Release|Any CPU.Build.0 = Release|Any CPU
	EndGlobalSection
	GlobalSection(SolutionProperties) = preSolution
		HideSolutionNode = FALSE
	EndGlobalSection
	GlobalSection(ExtensibilityGlobals) = postSolution
		SolutionGuid = {5916B51F-CC18-4B79-9A05-FFF1FF267DC5}
	EndGlobalSection
EndGlobal
